// !$*UTF8*$!
{
	archiveVersion = 1;
	classes = {
	};
	objectVersion = 50;
	objects = {

/* Begin PBXBuildFile section */
		800DA1DB2632572000D60E85 /* Swif_T_ScoreApp.swift in Sources */ = {isa = PBXBuildFile; fileRef = 800DA1DA2632572000D60E85 /* Swif_T_ScoreApp.swift */; };
		800DA1DD2632572000D60E85 /* ContentView.swift in Sources */ = {isa = PBXBuildFile; fileRef = 800DA1DC2632572000D60E85 /* ContentView.swift */; };
		800DA1DF2632572100D60E85 /* Assets.xcassets in Resources */ = {isa = PBXBuildFile; fileRef = 800DA1DE2632572100D60E85 /* Assets.xcassets */; };
		800DA1E22632572200D60E85 /* Preview Assets.xcassets in Resources */ = {isa = PBXBuildFile; fileRef = 800DA1E12632572200D60E85 /* Preview Assets.xcassets */; };
		800DA1E42632572200D60E85 /* Persistence.swift in Sources */ = {isa = PBXBuildFile; fileRef = 800DA1E32632572200D60E85 /* Persistence.swift */; };
		800DA1E72632572200D60E85 /* Swif_T_Score.xcdatamodeld in Sources */ = {isa = PBXBuildFile; fileRef = 800DA1E52632572200D60E85 /* Swif_T_Score.xcdatamodeld */; };
		800DA1F32632572200D60E85 /* Swif_T_ScoreTests.swift in Sources */ = {isa = PBXBuildFile; fileRef = 800DA1F22632572200D60E85 /* Swif_T_ScoreTests.swift */; };
		800DA1FE2632572200D60E85 /* Swif_T_ScoreUITests.swift in Sources */ = {isa = PBXBuildFile; fileRef = 800DA1FD2632572200D60E85 /* Swif_T_ScoreUITests.swift */; };
/* End PBXBuildFile section */

/* Begin PBXContainerItemProxy section */
		800DA1EF2632572200D60E85 /* PBXContainerItemProxy */ = {
			isa = PBXContainerItemProxy;
			containerPortal = 800DA1CF2632572000D60E85 /* Project object */;
			proxyType = 1;
			remoteGlobalIDString = 800DA1D62632572000D60E85;
			remoteInfo = "Swif-T-Score";
		};
		800DA1FA2632572200D60E85 /* PBXContainerItemProxy */ = {
			isa = PBXContainerItemProxy;
			containerPortal = 800DA1CF2632572000D60E85 /* Project object */;
			proxyType = 1;
			remoteGlobalIDString = 800DA1D62632572000D60E85;
			remoteInfo = "Swif-T-Score";
		};
/* End PBXContainerItemProxy section */

/* Begin PBXFileReference section */
		800DA1D72632572000D60E85 /* Swif-T-Score.app */ = {isa = PBXFileReference; explicitFileType = wrapper.application; includeInIndex = 0; path = "Swif-T-Score.app"; sourceTree = BUILT_PRODUCTS_DIR; };
		800DA1DA2632572000D60E85 /* Swif_T_ScoreApp.swift */ = {isa = PBXFileReference; lastKnownFileType = sourcecode.swift; path = Swif_T_ScoreApp.swift; sourceTree = "<group>"; };
		800DA1DC2632572000D60E85 /* ContentView.swift */ = {isa = PBXFileReference; lastKnownFileType = sourcecode.swift; path = ContentView.swift; sourceTree = "<group>"; };
		800DA1DE2632572100D60E85 /* Assets.xcassets */ = {isa = PBXFileReference; lastKnownFileType = folder.assetcatalog; path = Assets.xcassets; sourceTree = "<group>"; };
		800DA1E12632572200D60E85 /* Preview Assets.xcassets */ = {isa = PBXFileReference; lastKnownFileType = folder.assetcatalog; path = "Preview Assets.xcassets"; sourceTree = "<group>"; };
		800DA1E32632572200D60E85 /* Persistence.swift */ = {isa = PBXFileReference; lastKnownFileType = sourcecode.swift; path = Persistence.swift; sourceTree = "<group>"; };
		800DA1E62632572200D60E85 /* Swif_T_Score.xcdatamodel */ = {isa = PBXFileReference; lastKnownFileType = wrapper.xcdatamodel; path = Swif_T_Score.xcdatamodel; sourceTree = "<group>"; };
		800DA1E82632572200D60E85 /* Info.plist */ = {isa = PBXFileReference; lastKnownFileType = text.plist.xml; path = Info.plist; sourceTree = "<group>"; };
		800DA1E92632572200D60E85 /* Swif_T_Score.entitlements */ = {isa = PBXFileReference; lastKnownFileType = text.plist.entitlements; path = Swif_T_Score.entitlements; sourceTree = "<group>"; };
		800DA1EE2632572200D60E85 /* Swif-T-ScoreTests.xctest */ = {isa = PBXFileReference; explicitFileType = wrapper.cfbundle; includeInIndex = 0; path = "Swif-T-ScoreTests.xctest"; sourceTree = BUILT_PRODUCTS_DIR; };
		800DA1F22632572200D60E85 /* Swif_T_ScoreTests.swift */ = {isa = PBXFileReference; lastKnownFileType = sourcecode.swift; path = Swif_T_ScoreTests.swift; sourceTree = "<group>"; };
		800DA1F42632572200D60E85 /* Info.plist */ = {isa = PBXFileReference; lastKnownFileType = text.plist.xml; path = Info.plist; sourceTree = "<group>"; };
		800DA1F92632572200D60E85 /* Swif-T-ScoreUITests.xctest */ = {isa = PBXFileReference; explicitFileType = wrapper.cfbundle; includeInIndex = 0; path = "Swif-T-ScoreUITests.xctest"; sourceTree = BUILT_PRODUCTS_DIR; };
		800DA1FD2632572200D60E85 /* Swif_T_ScoreUITests.swift */ = {isa = PBXFileReference; lastKnownFileType = sourcecode.swift; path = Swif_T_ScoreUITests.swift; sourceTree = "<group>"; };
		800DA1FF2632572200D60E85 /* Info.plist */ = {isa = PBXFileReference; lastKnownFileType = text.plist.xml; path = Info.plist; sourceTree = "<group>"; };
/* End PBXFileReference section */

/* Begin PBXFrameworksBuildPhase section */
		800DA1D42632572000D60E85 /* Frameworks */ = {
			isa = PBXFrameworksBuildPhase;
			buildActionMask = 2147483647;
			files = (
			);
			runOnlyForDeploymentPostprocessing = 0;
		};
		800DA1EB2632572200D60E85 /* Frameworks */ = {
			isa = PBXFrameworksBuildPhase;
			buildActionMask = 2147483647;
			files = (
			);
			runOnlyForDeploymentPostprocessing = 0;
		};
		800DA1F62632572200D60E85 /* Frameworks */ = {
			isa = PBXFrameworksBuildPhase;
			buildActionMask = 2147483647;
			files = (
			);
			runOnlyForDeploymentPostprocessing = 0;
		};
/* End PBXFrameworksBuildPhase section */

/* Begin PBXGroup section */
		800DA1CE2632572000D60E85 = {
			isa = PBXGroup;
			children = (
				800DA1D92632572000D60E85 /* Swif-T-Score */,
				800DA1F12632572200D60E85 /* Swif-T-ScoreTests */,
				800DA1FC2632572200D60E85 /* Swif-T-ScoreUITests */,
				800DA1D82632572000D60E85 /* Products */,
			);
			sourceTree = "<group>";
		};
		800DA1D82632572000D60E85 /* Products */ = {
			isa = PBXGroup;
			children = (
				800DA1D72632572000D60E85 /* Swif-T-Score.app */,
				800DA1EE2632572200D60E85 /* Swif-T-ScoreTests.xctest */,
				800DA1F92632572200D60E85 /* Swif-T-ScoreUITests.xctest */,
			);
			name = Products;
			sourceTree = "<group>";
		};
		800DA1D92632572000D60E85 /* Swif-T-Score */ = {
			isa = PBXGroup;
			children = (
				800DA1DA2632572000D60E85 /* Swif_T_ScoreApp.swift */,
				800DA1DC2632572000D60E85 /* ContentView.swift */,
				800DA1DE2632572100D60E85 /* Assets.xcassets */,
				800DA1E32632572200D60E85 /* Persistence.swift */,
				800DA1E82632572200D60E85 /* Info.plist */,
				800DA1E92632572200D60E85 /* Swif_T_Score.entitlements */,
				800DA1E52632572200D60E85 /* Swif_T_Score.xcdatamodeld */,
				800DA1E02632572200D60E85 /* Preview Content */,
			);
			path = "Swif-T-Score";
			sourceTree = "<group>";
		};
		800DA1E02632572200D60E85 /* Preview Content */ = {
			isa = PBXGroup;
			children = (
				800DA1E12632572200D60E85 /* Preview Assets.xcassets */,
			);
			path = "Preview Content";
			sourceTree = "<group>";
		};
		800DA1F12632572200D60E85 /* Swif-T-ScoreTests */ = {
			isa = PBXGroup;
			children = (
				800DA1F22632572200D60E85 /* Swif_T_ScoreTests.swift */,
				800DA1F42632572200D60E85 /* Info.plist */,
			);
			path = "Swif-T-ScoreTests";
			sourceTree = "<group>";
		};
		800DA1FC2632572200D60E85 /* Swif-T-ScoreUITests */ = {
			isa = PBXGroup;
			children = (
				800DA1FD2632572200D60E85 /* Swif_T_ScoreUITests.swift */,
				800DA1FF2632572200D60E85 /* Info.plist */,
			);
			path = "Swif-T-ScoreUITests";
			sourceTree = "<group>";
		};
/* End PBXGroup section */

/* Begin PBXNativeTarget section */
		800DA1D62632572000D60E85 /* Swif-T-Score */ = {
			isa = PBXNativeTarget;
			buildConfigurationList = 800DA2022632572200D60E85 /* Build configuration list for PBXNativeTarget "Swif-T-Score" */;
			buildPhases = (
				800DA1D32632572000D60E85 /* Sources */,
				800DA1D42632572000D60E85 /* Frameworks */,
				800DA1D52632572000D60E85 /* Resources */,
			);
			buildRules = (
			);
			dependencies = (
			);
			name = "Swif-T-Score";
			productName = "Swif-T-Score";
			productReference = 800DA1D72632572000D60E85 /* Swif-T-Score.app */;
			productType = "com.apple.product-type.application";
		};
		800DA1ED2632572200D60E85 /* Swif-T-ScoreTests */ = {
			isa = PBXNativeTarget;
			buildConfigurationList = 800DA2052632572200D60E85 /* Build configuration list for PBXNativeTarget "Swif-T-ScoreTests" */;
			buildPhases = (
				800DA1EA2632572200D60E85 /* Sources */,
				800DA1EB2632572200D60E85 /* Frameworks */,
				800DA1EC2632572200D60E85 /* Resources */,
			);
			buildRules = (
			);
			dependencies = (
				800DA1F02632572200D60E85 /* PBXTargetDependency */,
			);
			name = "Swif-T-ScoreTests";
			productName = "Swif-T-ScoreTests";
			productReference = 800DA1EE2632572200D60E85 /* Swif-T-ScoreTests.xctest */;
			productType = "com.apple.product-type.bundle.unit-test";
		};
		800DA1F82632572200D60E85 /* Swif-T-ScoreUITests */ = {
			isa = PBXNativeTarget;
			buildConfigurationList = 800DA2082632572200D60E85 /* Build configuration list for PBXNativeTarget "Swif-T-ScoreUITests" */;
			buildPhases = (
				800DA1F52632572200D60E85 /* Sources */,
				800DA1F62632572200D60E85 /* Frameworks */,
				800DA1F72632572200D60E85 /* Resources */,
			);
			buildRules = (
			);
			dependencies = (
				800DA1FB2632572200D60E85 /* PBXTargetDependency */,
			);
			name = "Swif-T-ScoreUITests";
			productName = "Swif-T-ScoreUITests";
			productReference = 800DA1F92632572200D60E85 /* Swif-T-ScoreUITests.xctest */;
			productType = "com.apple.product-type.bundle.ui-testing";
		};
/* End PBXNativeTarget section */

/* Begin PBXProject section */
		800DA1CF2632572000D60E85 /* Project object */ = {
			isa = PBXProject;
			attributes = {
				LastSwiftUpdateCheck = 1240;
				LastUpgradeCheck = 1250;
				TargetAttributes = {
					800DA1D62632572000D60E85 = {
						CreatedOnToolsVersion = 12.4;
					};
					800DA1ED2632572200D60E85 = {
						CreatedOnToolsVersion = 12.4;
						TestTargetID = 800DA1D62632572000D60E85;
					};
					800DA1F82632572200D60E85 = {
						CreatedOnToolsVersion = 12.4;
						TestTargetID = 800DA1D62632572000D60E85;
					};
				};
			};
			buildConfigurationList = 800DA1D22632572000D60E85 /* Build configuration list for PBXProject "Swif-T-Score" */;
			compatibilityVersion = "Xcode 9.3";
			developmentRegion = en;
			hasScannedForEncodings = 0;
			knownRegions = (
				en,
				Base,
			);
			mainGroup = 800DA1CE2632572000D60E85;
			productRefGroup = 800DA1D82632572000D60E85 /* Products */;
			projectDirPath = "";
			projectRoot = "";
			targets = (
				800DA1D62632572000D60E85 /* Swif-T-Score */,
				800DA1ED2632572200D60E85 /* Swif-T-ScoreTests */,
				800DA1F82632572200D60E85 /* Swif-T-ScoreUITests */,
			);
		};
/* End PBXProject section */

/* Begin PBXResourcesBuildPhase section */
		800DA1D52632572000D60E85 /* Resources */ = {
			isa = PBXResourcesBuildPhase;
			buildActionMask = 2147483647;
			files = (
				800DA1E22632572200D60E85 /* Preview Assets.xcassets in Resources */,
				800DA1DF2632572100D60E85 /* Assets.xcassets in Resources */,
			);
			runOnlyForDeploymentPostprocessing = 0;
		};
		800DA1EC2632572200D60E85 /* Resources */ = {
			isa = PBXResourcesBuildPhase;
			buildActionMask = 2147483647;
			files = (
			);
			runOnlyForDeploymentPostprocessing = 0;
		};
		800DA1F72632572200D60E85 /* Resources */ = {
			isa = PBXResourcesBuildPhase;
			buildActionMask = 2147483647;
			files = (
			);
			runOnlyForDeploymentPostprocessing = 0;
		};
/* End PBXResourcesBuildPhase section */

/* Begin PBXSourcesBuildPhase section */
		800DA1D32632572000D60E85 /* Sources */ = {
			isa = PBXSourcesBuildPhase;
			buildActionMask = 2147483647;
			files = (
				800DA1E72632572200D60E85 /* Swif_T_Score.xcdatamodeld in Sources */,
				800DA1E42632572200D60E85 /* Persistence.swift in Sources */,
				800DA1DD2632572000D60E85 /* ContentView.swift in Sources */,
				800DA1DB2632572000D60E85 /* Swif_T_ScoreApp.swift in Sources */,
			);
			runOnlyForDeploymentPostprocessing = 0;
		};
		800DA1EA2632572200D60E85 /* Sources */ = {
			isa = PBXSourcesBuildPhase;
			buildActionMask = 2147483647;
			files = (
				800DA1F32632572200D60E85 /* Swif_T_ScoreTests.swift in Sources */,
			);
			runOnlyForDeploymentPostprocessing = 0;
		};
		800DA1F52632572200D60E85 /* Sources */ = {
			isa = PBXSourcesBuildPhase;
			buildActionMask = 2147483647;
			files = (
				800DA1FE2632572200D60E85 /* Swif_T_ScoreUITests.swift in Sources */,
			);
			runOnlyForDeploymentPostprocessing = 0;
		};
/* End PBXSourcesBuildPhase section */

/* Begin PBXTargetDependency section */
		800DA1F02632572200D60E85 /* PBXTargetDependency */ = {
			isa = PBXTargetDependency;
			target = 800DA1D62632572000D60E85 /* Swif-T-Score */;
			targetProxy = 800DA1EF2632572200D60E85 /* PBXContainerItemProxy */;
		};
		800DA1FB2632572200D60E85 /* PBXTargetDependency */ = {
			isa = PBXTargetDependency;
			target = 800DA1D62632572000D60E85 /* Swif-T-Score */;
			targetProxy = 800DA1FA2632572200D60E85 /* PBXContainerItemProxy */;
		};
/* End PBXTargetDependency section */

/* Begin XCBuildConfiguration section */
		800DA2002632572200D60E85 /* Debug */ = {
			isa = XCBuildConfiguration;
			buildSettings = {
				ALWAYS_SEARCH_USER_PATHS = NO;
				CLANG_ANALYZER_NONNULL = YES;
				CLANG_ANALYZER_NUMBER_OBJECT_CONVERSION = YES_AGGRESSIVE;
				CLANG_CXX_LANGUAGE_STANDARD = "gnu++14";
				CLANG_CXX_LIBRARY = "libc++";
				CLANG_ENABLE_MODULES = YES;
				CLANG_ENABLE_OBJC_ARC = YES;
				CLANG_ENABLE_OBJC_WEAK = YES;
				CLANG_WARN_BLOCK_CAPTURE_AUTORELEASING = YES;
				CLANG_WARN_BOOL_CONVERSION = YES;
				CLANG_WARN_COMMA = YES;
				CLANG_WARN_CONSTANT_CONVERSION = YES;
				CLANG_WARN_DEPRECATED_OBJC_IMPLEMENTATIONS = YES;
				CLANG_WARN_DIRECT_OBJC_ISA_USAGE = YES_ERROR;
				CLANG_WARN_DOCUMENTATION_COMMENTS = YES;
				CLANG_WARN_EMPTY_BODY = YES;
				CLANG_WARN_ENUM_CONVERSION = YES;
				CLANG_WARN_INFINITE_RECURSION = YES;
				CLANG_WARN_INT_CONVERSION = YES;
				CLANG_WARN_NON_LITERAL_NULL_CONVERSION = YES;
				CLANG_WARN_OBJC_IMPLICIT_RETAIN_SELF = YES;
				CLANG_WARN_OBJC_LITERAL_CONVERSION = YES;
				CLANG_WARN_OBJC_ROOT_CLASS = YES_ERROR;
				CLANG_WARN_QUOTED_INCLUDE_IN_FRAMEWORK_HEADER = YES;
				CLANG_WARN_RANGE_LOOP_ANALYSIS = YES;
				CLANG_WARN_STRICT_PROTOTYPES = YES;
				CLANG_WARN_SUSPICIOUS_MOVE = YES;
				CLANG_WARN_UNGUARDED_AVAILABILITY = YES_AGGRESSIVE;
				CLANG_WARN_UNREACHABLE_CODE = YES;
				CLANG_WARN__DUPLICATE_METHOD_MATCH = YES;
				COPY_PHASE_STRIP = NO;
				DEBUG_INFORMATION_FORMAT = dwarf;
				ENABLE_STRICT_OBJC_MSGSEND = YES;
				ENABLE_TESTABILITY = YES;
				GCC_C_LANGUAGE_STANDARD = gnu11;
				GCC_DYNAMIC_NO_PIC = NO;
				GCC_NO_COMMON_BLOCKS = YES;
				GCC_OPTIMIZATION_LEVEL = 0;
				GCC_PREPROCESSOR_DEFINITIONS = (
					"DEBUG=1",
					"$(inherited)",
				);
				GCC_WARN_64_TO_32_BIT_CONVERSION = YES;
				GCC_WARN_ABOUT_RETURN_TYPE = YES_ERROR;
				GCC_WARN_UNDECLARED_SELECTOR = YES;
				GCC_WARN_UNINITIALIZED_AUTOS = YES_AGGRESSIVE;
				GCC_WARN_UNUSED_FUNCTION = YES;
				GCC_WARN_UNUSED_VARIABLE = YES;
				MACOSX_DEPLOYMENT_TARGET = 11.1;
				MTL_ENABLE_DEBUG_INFO = INCLUDE_SOURCE;
				MTL_FAST_MATH = YES;
				ONLY_ACTIVE_ARCH = YES;
				SDKROOT = macosx;
				SWIFT_ACTIVE_COMPILATION_CONDITIONS = DEBUG;
				SWIFT_OPTIMIZATION_LEVEL = "-Onone";
			};
			name = Debug;
		};
		800DA2012632572200D60E85 /* Release */ = {
			isa = XCBuildConfiguration;
			buildSettings = {
				ALWAYS_SEARCH_USER_PATHS = NO;
				CLANG_ANALYZER_NONNULL = YES;
				CLANG_ANALYZER_NUMBER_OBJECT_CONVERSION = YES_AGGRESSIVE;
				CLANG_CXX_LANGUAGE_STANDARD = "gnu++14";
				CLANG_CXX_LIBRARY = "libc++";
				CLANG_ENABLE_MODULES = YES;
				CLANG_ENABLE_OBJC_ARC = YES;
				CLANG_ENABLE_OBJC_WEAK = YES;
				CLANG_WARN_BLOCK_CAPTURE_AUTORELEASING = YES;
				CLANG_WARN_BOOL_CONVERSION = YES;
				CLANG_WARN_COMMA = YES;
				CLANG_WARN_CONSTANT_CONVERSION = YES;
				CLANG_WARN_DEPRECATED_OBJC_IMPLEMENTATIONS = YES;
				CLANG_WARN_DIRECT_OBJC_ISA_USAGE = YES_ERROR;
				CLANG_WARN_DOCUMENTATION_COMMENTS = YES;
				CLANG_WARN_EMPTY_BODY = YES;
				CLANG_WARN_ENUM_CONVERSION = YES;
				CLANG_WARN_INFINITE_RECURSION = YES;
				CLANG_WARN_INT_CONVERSION = YES;
				CLANG_WARN_NON_LITERAL_NULL_CONVERSION = YES;
				CLANG_WARN_OBJC_IMPLICIT_RETAIN_SELF = YES;
				CLANG_WARN_OBJC_LITERAL_CONVERSION = YES;
				CLANG_WARN_OBJC_ROOT_CLASS = YES_ERROR;
				CLANG_WARN_QUOTED_INCLUDE_IN_FRAMEWORK_HEADER = YES;
				CLANG_WARN_RANGE_LOOP_ANALYSIS = YES;
				CLANG_WARN_STRICT_PROTOTYPES = YES;
				CLANG_WARN_SUSPICIOUS_MOVE = YES;
				CLANG_WARN_UNGUARDED_AVAILABILITY = YES_AGGRESSIVE;
				CLANG_WARN_UNREACHABLE_CODE = YES;
				CLANG_WARN__DUPLICATE_METHOD_MATCH = YES;
				COPY_PHASE_STRIP = NO;
				DEBUG_INFORMATION_FORMAT = "dwarf-with-dsym";
				ENABLE_NS_ASSERTIONS = NO;
				ENABLE_STRICT_OBJC_MSGSEND = YES;
				GCC_C_LANGUAGE_STANDARD = gnu11;
				GCC_NO_COMMON_BLOCKS = YES;
				GCC_WARN_64_TO_32_BIT_CONVERSION = YES;
				GCC_WARN_ABOUT_RETURN_TYPE = YES_ERROR;
				GCC_WARN_UNDECLARED_SELECTOR = YES;
				GCC_WARN_UNINITIALIZED_AUTOS = YES_AGGRESSIVE;
				GCC_WARN_UNUSED_FUNCTION = YES;
				GCC_WARN_UNUSED_VARIABLE = YES;
				MACOSX_DEPLOYMENT_TARGET = 11.1;
				MTL_ENABLE_DEBUG_INFO = NO;
				MTL_FAST_MATH = YES;
				SDKROOT = macosx;
				SWIFT_COMPILATION_MODE = wholemodule;
				SWIFT_OPTIMIZATION_LEVEL = "-O";
			};
			name = Release;
		};
		800DA2032632572200D60E85 /* Debug */ = {
			isa = XCBuildConfiguration;
			buildSettings = {
				ASSETCATALOG_COMPILER_APPICON_NAME = AppIcon;
				ASSETCATALOG_COMPILER_GLOBAL_ACCENT_COLOR_NAME = AccentColor;
				CODE_SIGN_ENTITLEMENTS = "Swif-T-Score/Swif_T_Score.entitlements";
				CODE_SIGN_IDENTITY = "-";
				CODE_SIGN_STYLE = Automatic;
				COMBINE_HIDPI_IMAGES = YES;
				DEVELOPMENT_ASSET_PATHS = "\"Swif-T-Score/Preview Content\"";
				DEVELOPMENT_TEAM = 845Z64R8BT;
				ENABLE_HARDENED_RUNTIME = YES;
				ENABLE_PREVIEWS = YES;
				INFOPLIST_FILE = "Swif-T-Score/Info.plist";
				LD_RUNPATH_SEARCH_PATHS = (
					"$(inherited)",
					"@executable_path/../Frameworks",
				);
				MACOSX_DEPLOYMENT_TARGET = 11.0;
				PRODUCT_BUNDLE_IDENTIFIER = "com.hazhapard.Swif-T-Score";
				PRODUCT_NAME = "$(TARGET_NAME)";
				SWIFT_VERSION = 5.0;
			};
			name = Debug;
		};
		800DA2042632572200D60E85 /* Release */ = {
			isa = XCBuildConfiguration;
			buildSettings = {
				ASSETCATALOG_COMPILER_APPICON_NAME = AppIcon;
				ASSETCATALOG_COMPILER_GLOBAL_ACCENT_COLOR_NAME = AccentColor;
				CODE_SIGN_ENTITLEMENTS = "Swif-T-Score/Swif_T_Score.entitlements";
				CODE_SIGN_IDENTITY = "-";
				CODE_SIGN_STYLE = Automatic;
				COMBINE_HIDPI_IMAGES = YES;
				DEVELOPMENT_ASSET_PATHS = "\"Swif-T-Score/Preview Content\"";
				DEVELOPMENT_TEAM = 845Z64R8BT;
				ENABLE_HARDENED_RUNTIME = YES;
				ENABLE_PREVIEWS = YES;
				INFOPLIST_FILE = "Swif-T-Score/Info.plist";
				LD_RUNPATH_SEARCH_PATHS = (
					"$(inherited)",
					"@executable_path/../Frameworks",
				);
				MACOSX_DEPLOYMENT_TARGET = 11.0;
				PRODUCT_BUNDLE_IDENTIFIER = "com.hazhapard.Swif-T-Score";
				PRODUCT_NAME = "$(TARGET_NAME)";
				SWIFT_VERSION = 5.0;
			};
			name = Release;
		};
		800DA2062632572200D60E85 /* Debug */ = {
			isa = XCBuildConfiguration;
			buildSettings = {
				ALWAYS_EMBED_SWIFT_STANDARD_LIBRARIES = YES;
				BUNDLE_LOADER = "$(TEST_HOST)";
				CODE_SIGN_STYLE = Automatic;
				COMBINE_HIDPI_IMAGES = YES;
				DEVELOPMENT_TEAM = 845Z64R8BT;
				INFOPLIST_FILE = "Swif-T-ScoreTests/Info.plist";
				LD_RUNPATH_SEARCH_PATHS = (
					"$(inherited)",
					"@executable_path/../Frameworks",
					"@loader_path/../Frameworks",
				);
				MACOSX_DEPLOYMENT_TARGET = 11.0;
				PRODUCT_BUNDLE_IDENTIFIER = "com.hazhapard.Swif-T-ScoreTests";
				PRODUCT_NAME = "$(TARGET_NAME)";
				SWIFT_VERSION = 5.0;
				TEST_HOST = "$(BUILT_PRODUCTS_DIR)/Swif-T-Score.app/Contents/MacOS/Swif-T-Score";
			};
			name = Debug;
		};
		800DA2072632572200D60E85 /* Release */ = {
			isa = XCBuildConfiguration;
			buildSettings = {
				ALWAYS_EMBED_SWIFT_STANDARD_LIBRARIES = YES;
				BUNDLE_LOADER = "$(TEST_HOST)";
				CODE_SIGN_STYLE = Automatic;
				COMBINE_HIDPI_IMAGES = YES;
				DEVELOPMENT_TEAM = 845Z64R8BT;
				INFOPLIST_FILE = "Swif-T-ScoreTests/Info.plist";
				LD_RUNPATH_SEARCH_PATHS = (
					"$(inherited)",
					"@executable_path/../Frameworks",
					"@loader_path/../Frameworks",
				);
				MACOSX_DEPLOYMENT_TARGET = 11.0;
				PRODUCT_BUNDLE_IDENTIFIER = "com.hazhapard.Swif-T-ScoreTests";
				PRODUCT_NAME = "$(TARGET_NAME)";
				SWIFT_VERSION = 5.0;
				TEST_HOST = "$(BUILT_PRODUCTS_DIR)/Swif-T-Score.app/Contents/MacOS/Swif-T-Score";
			};
			name = Release;
		};
		800DA2092632572200D60E85 /* Debug */ = {
			isa = XCBuildConfiguration;
			buildSettings = {
				ALWAYS_EMBED_SWIFT_STANDARD_LIBRARIES = YES;
				CODE_SIGN_STYLE = Automatic;
				COMBINE_HIDPI_IMAGES = YES;
				DEVELOPMENT_TEAM = 845Z64R8BT;
				INFOPLIST_FILE = "Swif-T-ScoreUITests/Info.plist";
				LD_RUNPATH_SEARCH_PATHS = (
					"$(inherited)",
					"@executable_path/../Frameworks",
					"@loader_path/../Frameworks",
				);
				PRODUCT_BUNDLE_IDENTIFIER = "com.hazhapard.Swif-T-ScoreUITests";
				PRODUCT_NAME = "$(TARGET_NAME)";
				SWIFT_VERSION = 5.0;
				TEST_TARGET_NAME = "Swif-T-Score";
			};
			name = Debug;
		};
		800DA20A2632572200D60E85 /* Release */ = {
			isa = XCBuildConfiguration;
			buildSettings = {
				ALWAYS_EMBED_SWIFT_STANDARD_LIBRARIES = YES;
				CODE_SIGN_STYLE = Automatic;
				COMBINE_HIDPI_IMAGES = YES;
				DEVELOPMENT_TEAM = 845Z64R8BT;
				INFOPLIST_FILE = "Swif-T-ScoreUITests/Info.plist";
				LD_RUNPATH_SEARCH_PATHS = (
					"$(inherited)",
					"@executable_path/../Frameworks",
					"@loader_path/../Frameworks",
				);
				PRODUCT_BUNDLE_IDENTIFIER = "com.hazhapard.Swif-T-ScoreUITests";
				PRODUCT_NAME = "$(TARGET_NAME)";
				SWIFT_VERSION = 5.0;
				TEST_TARGET_NAME = "Swif-T-Score";
			};
			name = Release;
		};
/* End XCBuildConfiguration section */

/* Begin XCConfigurationList section */
		800DA1D22632572000D60E85 /* Build configuration list for PBXProject "Swif-T-Score" */ = {
			isa = XCConfigurationList;
			buildConfigurations = (
				800DA2002632572200D60E85 /* Debug */,
				800DA2012632572200D60E85 /* Release */,
			);
			defaultConfigurationIsVisible = 0;
			defaultConfigurationName = Release;
		};
		800DA2022632572200D60E85 /* Build configuration list for PBXNativeTarget "Swif-T-Score" */ = {
			isa = XCConfigurationList;
			buildConfigurations = (
				800DA2032632572200D60E85 /* Debug */,
				800DA2042632572200D60E85 /* Release */,
			);
			defaultConfigurationIsVisible = 0;
			defaultConfigurationName = Release;
		};
		800DA2052632572200D60E85 /* Build configuration list for PBXNativeTarget "Swif-T-ScoreTests" */ = {
			isa = XCConfigurationList;
			buildConfigurations = (
				800DA2062632572200D60E85 /* Debug */,
				800DA2072632572200D60E85 /* Release */,
			);
			defaultConfigurationIsVisible = 0;
			defaultConfigurationName = Release;
		};
		800DA2082632572200D60E85 /* Build configuration list for PBXNativeTarget "Swif-T-ScoreUITests" */ = {
			isa = XCConfigurationList;
			buildConfigurations = (
				800DA2092632572200D60E85 /* Debug */,
				800DA20A2632572200D60E85 /* Release */,
			);
			defaultConfigurationIsVisible = 0;
			defaultConfigurationName = Release;
		};
/* End XCConfigurationList section */

/* Begin XCVersionGroup section */
		800DA1E52632572200D60E85 /* Swif_T_Score.xcdatamodeld */ = {
			isa = XCVersionGroup;
			children = (
				800DA1E62632572200D60E85 /* Swif_T_Score.xcdatamodel */,
			);
			currentVersion = 800DA1E62632572200D60E85 /* Swif_T_Score.xcdatamodel */;
			path = Swif_T_Score.xcdatamodeld;
			sourceTree = "<group>";
			versionGroupType = wrapper.xcdatamodel;
		};
/* End XCVersionGroup section */
	};
	rootObject = 800DA1CF2632572000D60E85 /* Project object */;
}
